{
  "name": "Telemedicine-Appointment-Scheduler-1",
  "lockfileVersion": 3,
  "requires": true,
  "packages": {
    "": {
      "dependencies": {
        "@emailjs/nodejs": "^5.0.2",
        "nodemailer": "^6.10.0"
      }
    },
    "node_modules/@emailjs/nodejs": {
      "version": "5.0.2",
      "resolved": "https://registry.npmjs.org/@emailjs/nodejs/-/nodejs-5.0.2.tgz",
      "integrity": "sha512-+BrO5rF0msaoEeSKxoa64weUkczd3fTXRCB8/EnKaIRzC8B1EyLDZfr9vYK5TNG/U3Eco9cpjMNnA1IlUBkmOw==",
      "license": "BSD-3-Clause",
      "engines": {
        "node": ">=18.0.0"
      }
    },
    "node_modules/nodemailer": {
      "version": "6.10.0",
      "resolved": "https://registry.npmjs.org/nodemailer/-/nodemailer-6.10.0.tgz",
      "integrity": "sha512-SQ3wZCExjeSatLE/HBaXS5vqUOQk6GtBdIIKxiFdmm01mOQZX/POJkO3SUX1wDiYcwUOJwT23scFSC9fY2H8IA==",
      "license": "MIT-0",
      "engines": {
        "node": ">=6.0.0"
      }
    }
  }
}
